{
  "nodes": {
    "home-manager": {
      "inputs": {
        "nixpkgs": [
          "nixpkgs-unstable"
        ]
      },
      "locked": {
        "lastModified": 1690027126,
        "narHash": "sha256-DeUhQQxbu41Qn0uHyNazPBiTJ0lNsf26ThFopWBRRnM=",
        "owner": "nix-community",
        "repo": "home-manager",
        "rev": "76dd6c66190db0d46ac6b3ca816cc17b581df42c",
        "type": "github"
      },
      "original": {
        "owner": "nix-community",
        "repo": "home-manager",
        "type": "github"
      }
    },
    "hyprland-contrib": {
      "inputs": {
        "nixpkgs": [
          "nixpkgs-unstable"
        ]
      },
      "locked": {
        "lastModified": 1690024028,
        "narHash": "sha256-kqdROtklYwkN5z8ZQ/Sy7RpEH/wJmUuoT6bfLm8elMc=",
        "owner": "hyprwm",
        "repo": "contrib",
        "rev": "ff589bdf572b56016812ebea504e7e7bcf3478ef",
        "type": "github"
      },
      "original": {
        "owner": "hyprwm",
        "repo": "contrib",
        "type": "github"
      }
    },
    "nixos-hardware": {
      "locked": {
        "lastModified": 1689320556,
        "narHash": "sha256-vODUkZLWFVCvo1KPK3dC2CbXjxa9antEn5ozwlcTr48=",
        "owner": "nixos",
        "repo": "nixos-hardware",
        "rev": "d4ea64f2063820120c05f6ba93ee02e6d4671d6b",
        "type": "github"
      },
      "original": {
        "owner": "nixos",
        "repo": "nixos-hardware",
        "type": "github"
      }
    },
    "nixpkgs": {
      "locked": {
        "lastModified": 1689956312,
        "narHash": "sha256-NV9yamMhE5jgz+ZSM2IgXeYqOvmGIbIIJ+AFIhfD7Ek=",
        "owner": "nixos",
        "repo": "nixpkgs",
        "rev": "6da4bc6cb07cba1b8e53d139cbf1d2fb8061d967",
        "type": "github"
      },
      "original": {
        "owner": "nixos",
        "ref": "nixos-23.05",
        "repo": "nixpkgs",
        "type": "github"
      }
    },
    "nixpkgs-unstable": {
      "locked": {
        "lastModified": 1689940971,
        "narHash": "sha256-397xShPnFqPC59Bmpo3lS+/Aw0yoDRMACGo1+h2VJMo=",
        "owner": "nixos",
        "repo": "nixpkgs",
        "rev": "9ca785644d067445a4aa749902b29ccef61f7476",
        "type": "github"
      },
      "original": {
        "owner": "nixos",
        "ref": "nixos-unstable",
        "repo": "nixpkgs",
        "type": "github"
      }
    },
    "root": {
      "inputs": {
        "home-manager": "home-manager",
        "hyprland-contrib": "hyprland-contrib",
        "nixos-hardware": "nixos-hardware",
        "nixpkgs": "nixpkgs",
        "nixpkgs-unstable": "nixpkgs-unstable"
      }
    }
  },
  "root": "root",
  "version": 7
}
